// !$*UTF8*$!
{
	archiveVersion = 1;
	classes = {
	};
	objectVersion = 77;
	objects = {

/* Begin PBXContainerItemProxy section */
		22AA79D22ED80F7400EC3F14 /* PBXContainerItemProxy */ = {
			isa = PBXContainerItemProxy;
			containerPortal = 22AA79B42ED80F7300EC3F14 /* Project object */;
			proxyType = 1;
			remoteGlobalIDString = 22AA79BB2ED80F7300EC3F14;
			remoteInfo = StepTracker;
		};
		22AA79DC2ED80F7400EC3F14 /* PBXContainerItemProxy */ = {
			isa = PBXContainerItemProxy;
			containerPortal = 22AA79B42ED80F7300EC3F14 /* Project object */;
			proxyType = 1;
			remoteGlobalIDString = 22AA79BB2ED80F7300EC3F14;
			remoteInfo = StepTracker;
		};
/* End PBXContainerItemProxy section */

/* Begin PBXFileReference section */
		22AA79BC2ED80F7300EC3F14 /* StepTracker.app */ = {isa = PBXFileReference; explicitFileType = wrapper.application; includeInIndex = 0; path = StepTracker.app; sourceTree = BUILT_PRODUCTS_DIR; };
		22AA79D12ED80F7400EC3F14 /* StepTrackerTests.xctest */ = {isa = PBXFileReference; explicitFileType = wrapper.cfbundle; includeInIndex = 0; path = StepTrackerTests.xctest; sourceTree = BUILT_PRODUCTS_DIR; };
		22AA79DB2ED80F7400EC3F14 /* StepTrackerUITests.xctest */ = {isa = PBXFileReference; explicitFileType = wrapper.cfbundle; includeInIndex = 0; path = StepTrackerUITests.xctest; sourceTree = BUILT_PRODUCTS_DIR; };
/* End PBXFileReference section */

/* Begin PBXFileSystemSynchronizedRootGroup section */
		22AA79BE2ED80F7300EC3F14 /* StepTracker */ = {
			isa = PBXFileSystemSynchronizedRootGroup;
			path = StepTracker;
			sourceTree = "<group>";
		};
		22AA79D42ED80F7400EC3F14 /* StepTrackerTests */ = {
			isa = PBXFileSystemSynchronizedRootGroup;
			path = StepTrackerTests;
			sourceTree = "<group>";
		};
		22AA79DE2ED80F7400EC3F14 /* StepTrackerUITests */ = {
			isa = PBXFileSystemSynchronizedRootGroup;
			path = StepTrackerUITests;
			sourceTree = "<group>";
		};
/* End PBXFileSystemSynchronizedRootGroup section */

/* Begin PBXFrameworksBuildPhase section */
		22AA79B92ED80F7300EC3F14 /* Frameworks */ = {
			isa = PBXFrameworksBuildPhase;
			buildActionMask = 2147483647;
			files = (
			);
			runOnlyForDeploymentPostprocessing = 0;
		};
		22AA79CE2ED80F7400EC3F14 /* Frameworks */ = {
			isa = PBXFrameworksBuildPhase;
			buildActionMask = 2147483647;
			files = (
			);
			runOnlyForDeploymentPostprocessing = 0;
		};
		22AA79D82ED80F7400EC3F14 /* Frameworks */ = {
			isa = PBXFrameworksBuildPhase;
			buildActionMask = 2147483647;
			files = (
			);
			runOnlyForDeploymentPostprocessing = 0;
		};
/* End PBXFrameworksBuildPhase section */

/* Begin PBXGroup section */
		22AA79B32ED80F7300EC3F14 = {
			isa = PBXGroup;
			children = (
				22AA79BE2ED80F7300EC3F14 /* StepTracker */,
				22AA79D42ED80F7400EC3F14 /* StepTrackerTests */,
				22AA79DE2ED80F7400EC3F14 /* StepTrackerUITests */,
				22AA79BD2ED80F7300EC3F14 /* Products */,
			);
			sourceTree = "<group>";
		};
		22AA79BD2ED80F7300EC3F14 /* Products */ = {
			isa = PBXGroup;
			children = (
				22AA79BC2ED80F7300EC3F14 /* StepTracker.app */,
				22AA79D12ED80F7400EC3F14 /* StepTrackerTests.xctest */,
				22AA79DB2ED80F7400EC3F14 /* StepTrackerUITests.xctest */,
			);
			name = Products;
			sourceTree = "<group>";
		};
/* End PBXGroup section */

/* Begin PBXNativeTarget section */
		22AA79BB2ED80F7300EC3F14 /* StepTracker */ = {
			isa = PBXNativeTarget;
			buildConfigurationList = 22AA79E52ED80F7400EC3F14 /* Build configuration list for PBXNativeTarget "StepTracker" */;
			buildPhases = (
				22AA79B82ED80F7300EC3F14 /* Sources */,
				22AA79B92ED80F7300EC3F14 /* Frameworks */,
				22AA79BA2ED80F7300EC3F14 /* Resources */,
			);
			buildRules = (
			);
			dependencies = (
			);
			fileSystemSynchronizedGroups = (
				22AA79BE2ED80F7300EC3F14 /* StepTracker */,
			);
			name = StepTracker;
			packageProductDependencies = (
			);
			productName = StepTracker;
			productReference = 22AA79BC2ED80F7300EC3F14 /* StepTracker.app */;
			productType = "com.apple.product-type.application";
		};
		22AA79D02ED80F7400EC3F14 /* StepTrackerTests */ = {
			isa = PBXNativeTarget;
			buildConfigurationList = 22AA79E82ED80F7400EC3F14 /* Build configuration list for PBXNativeTarget "StepTrackerTests" */;
			buildPhases = (
				22AA79CD2ED80F7400EC3F14 /* Sources */,
				22AA79CE2ED80F7400EC3F14 /* Frameworks */,
				22AA79CF2ED80F7400EC3F14 /* Resources */,
			);
			buildRules = (
			);
			dependencies = (
				22AA79D32ED80F7400EC3F14 /* PBXTargetDependency */,
			);
			fileSystemSynchronizedGroups = (
				22AA79D42ED80F7400EC3F14 /* StepTrackerTests */,
			);
			name = StepTrackerTests;
			packageProductDependencies = (
			);
			productName = StepTrackerTests;
			productReference = 22AA79D12ED80F7400EC3F14 /* StepTrackerTests.xctest */;
			productType = "com.apple.product-type.bundle.unit-test";
		};
		22AA79DA2ED80F7400EC3F14 /* StepTrackerUITests */ = {
			isa = PBXNativeTarget;
			buildConfigurationList = 22AA79EB2ED80F7400EC3F14 /* Build configuration list for PBXNativeTarget "StepTrackerUITests" */;
			buildPhases = (
				22AA79D72ED80F7400EC3F14 /* Sources */,
				22AA79D82ED80F7400EC3F14 /* Frameworks */,
				22AA79D92ED80F7400EC3F14 /* Resources */,
			);
			buildRules = (
			);
			dependencies = (
				22AA79DD2ED80F7400EC3F14 /* PBXTargetDependency */,
			);
			fileSystemSynchronizedGroups = (
				22AA79DE2ED80F7400EC3F14 /* StepTrackerUITests */,
			);
			name = StepTrackerUITests;
			packageProductDependencies = (
			);
			productName = StepTrackerUITests;
			productReference = 22AA79DB2ED80F7400EC3F14 /* StepTrackerUITests.xctest */;
			productType = "com.apple.product-type.bundle.ui-testing";
		};
/* End PBXNativeTarget section */

/* Begin PBXProject section */
		22AA79B42ED80F7300EC3F14 /* Project object */ = {
			isa = PBXProject;
			attributes = {
				BuildIndependentTargetsInParallel = 1;
				LastSwiftUpdateCheck = 1610;
				LastUpgradeCheck = 1610;
				TargetAttributes = {
					22AA79BB2ED80F7300EC3F14 = {
						CreatedOnToolsVersion = 16.1;
					};
					22AA79D02ED80F7400EC3F14 = {
						CreatedOnToolsVersion = 16.1;
						TestTargetID = 22AA79BB2ED80F7300EC3F14;
					};
					22AA79DA2ED80F7400EC3F14 = {
						CreatedOnToolsVersion = 16.1;
						TestTargetID = 22AA79BB2ED80F7300EC3F14;
					};
				};
			};
			buildConfigurationList = 22AA79B72ED80F7300EC3F14 /* Build configuration list for PBXProject "StepTracker" */;
			developmentRegion = en;
			hasScannedForEncodings = 0;
			knownRegions = (
				en,
				Base,
			);
			mainGroup = 22AA79B32ED80F7300EC3F14;
			minimizedProjectReferenceProxies = 1;
			preferredProjectObjectVersion = 77;
			productRefGroup = 22AA79BD2ED80F7300EC3F14 /* Products */;
			projectDirPath = "";
			projectRoot = "";
			targets = (
				22AA79BB2ED80F7300EC3F14 /* StepTracker */,
				22AA79D02ED80F7400EC3F14 /* StepTrackerTests */,
				22AA79DA2ED80F7400EC3F14 /* StepTrackerUITests */,
			);
		};
/* End PBXProject section */

/* Begin PBXResourcesBuildPhase section */
		22AA79BA2ED80F7300EC3F14 /* Resources */ = {
			isa = PBXResourcesBuildPhase;
			buildActionMask = 2147483647;
			files = (
			);
			runOnlyForDeploymentPostprocessing = 0;
		};
		22AA79CF2ED80F7400EC3F14 /* Resources */ = {
			isa = PBXResourcesBuildPhase;
			buildActionMask = 2147483647;
			files = (
			);
			runOnlyForDeploymentPostprocessing = 0;
		};
		22AA79D92ED80F7400EC3F14 /* Resources */ = {
			isa = PBXResourcesBuildPhase;
			buildActionMask = 2147483647;
			files = (
			);
			runOnlyForDeploymentPostprocessing = 0;
		};
/* End PBXResourcesBuildPhase section */

/* Begin PBXSourcesBuildPhase section */
		22AA79B82ED80F7300EC3F14 /* Sources */ = {
			isa = PBXSourcesBuildPhase;
			buildActionMask = 2147483647;
			files = (
			);
			runOnlyForDeploymentPostprocessing = 0;
		};
		22AA79CD2ED80F7400EC3F14 /* Sources */ = {
			isa = PBXSourcesBuildPhase;
			buildActionMask = 2147483647;
			files = (
			);
			runOnlyForDeploymentPostprocessing = 0;
		};
		22AA79D72ED80F7400EC3F14 /* Sources */ = {
			isa = PBXSourcesBuildPhase;
			buildActionMask = 2147483647;
			files = (
			);
			runOnlyForDeploymentPostprocessing = 0;
		};
/* End PBXSourcesBuildPhase section */

/* Begin PBXTargetDependency section */
		22AA79D32ED80F7400EC3F14 /* PBXTargetDependency */ = {
			isa = PBXTargetDependency;
			target = 22AA79BB2ED80F7300EC3F14 /* StepTracker */;
			targetProxy = 22AA79D22ED80F7400EC3F14 /* PBXContainerItemProxy */;
		};
		22AA79DD2ED80F7400EC3F14 /* PBXTargetDependency */ = {
			isa = PBXTargetDependency;
			target = 22AA79BB2ED80F7300EC3F14 /* StepTracker */;
			targetProxy = 22AA79DC2ED80F7400EC3F14 /* PBXContainerItemProxy */;
		};
/* End PBXTargetDependency section */

/* Begin XCBuildConfiguration section */
		22AA79E32ED80F7400EC3F14 /* Debug */ = {
			isa = XCBuildConfiguration;
			buildSettings = {
				ALWAYS_SEARCH_USER_PATHS = NO;
				ASSETCATALOG_COMPILER_GENERATE_SWIFT_ASSET_SYMBOL_EXTENSIONS = YES;
				CLANG_ANALYZER_NONNULL = YES;
				CLANG_ANALYZER_NUMBER_OBJECT_CONVERSION = YES_AGGRESSIVE;
				CLANG_CXX_LANGUAGE_STANDARD = "gnu++20";
				CLANG_ENABLE_MODULES = YES;
				CLANG_ENABLE_OBJC_ARC = YES;
				CLANG_ENABLE_OBJC_WEAK = YES;
				CLANG_WARN_BLOCK_CAPTURE_AUTORELEASING = YES;
				CLANG_WARN_BOOL_CONVERSION = YES;
				CLANG_WARN_COMMA = YES;
				CLANG_WARN_CONSTANT_CONVERSION = YES;
				CLANG_WARN_DEPRECATED_OBJC_IMPLEMENTATIONS = YES;
				CLANG_WARN_DIRECT_OBJC_ISA_USAGE = YES_ERROR;
				CLANG_WARN_DOCUMENTATION_COMMENTS = YES;
				CLANG_WARN_EMPTY_BODY = YES;
				CLANG_WARN_ENUM_CONVERSION = YES;
				CLANG_WARN_INFINITE_RECURSION = YES;
				CLANG_WARN_INT_CONVERSION = YES;
				CLANG_WARN_NON_LITERAL_NULL_CONVERSION = YES;
				CLANG_WARN_OBJC_IMPLICIT_RETAIN_SELF = YES;
				CLANG_WARN_OBJC_LITERAL_CONVERSION = YES;
				CLANG_WARN_OBJC_ROOT_CLASS = YES_ERROR;
				CLANG_WARN_QUOTED_INCLUDE_IN_FRAMEWORK_HEADER = YES;
				CLANG_WARN_RANGE_LOOP_ANALYSIS = YES;
				CLANG_WARN_STRICT_PROTOTYPES = YES;
				CLANG_WARN_SUSPICIOUS_MOVE = YES;
				CLANG_WARN_UNGUARDED_AVAILABILITY = YES_AGGRESSIVE;
				CLANG_WARN_UNREACHABLE_CODE = YES;
				CLANG_WARN__DUPLICATE_METHOD_MATCH = YES;
				COPY_PHASE_STRIP = NO;
				DEBUG_INFORMATION_FORMAT = dwarf;
				ENABLE_STRICT_OBJC_MSGSEND = YES;
				ENABLE_TESTABILITY = YES;
				ENABLE_USER_SCRIPT_SANDBOXING = YES;
				GCC_C_LANGUAGE_STANDARD = gnu17;
				GCC_DYNAMIC_NO_PIC = NO;
				GCC_NO_COMMON_BLOCKS = YES;
				GCC_OPTIMIZATION_LEVEL = 0;
				GCC_PREPROCESSOR_DEFINITIONS = (
					"DEBUG=1",
					"$(inherited)",
				);
				GCC_WARN_64_TO_32_BIT_CONVERSION = YES;
				GCC_WARN_ABOUT_RETURN_TYPE = YES_ERROR;
				GCC_WARN_UNDECLARED_SELECTOR = YES;
				GCC_WARN_UNINITIALIZED_AUTOS = YES_AGGRESSIVE;
				GCC_WARN_UNUSED_FUNCTION = YES;
				GCC_WARN_UNUSED_VARIABLE = YES;
				IPHONEOS_DEPLOYMENT_TARGET = 18.1;
				LOCALIZATION_PREFERS_STRING_CATALOGS = YES;
				MTL_ENABLE_DEBUG_INFO = INCLUDE_SOURCE;
				MTL_FAST_MATH = YES;
				ONLY_ACTIVE_ARCH = YES;
				SDKROOT = iphoneos;
				SWIFT_ACTIVE_COMPILATION_CONDITIONS = "DEBUG $(inherited)";
				SWIFT_OPTIMIZATION_LEVEL = "-Onone";
			};
			name = Debug;
		};
		22AA79E42ED80F7400EC3F14 /* Release */ = {
			isa = XCBuildConfiguration;
			buildSettings = {
				ALWAYS_SEARCH_USER_PATHS = NO;
				ASSETCATALOG_COMPILER_GENERATE_SWIFT_ASSET_SYMBOL_EXTENSIONS = YES;
				CLANG_ANALYZER_NONNULL = YES;
				CLANG_ANALYZER_NUMBER_OBJECT_CONVERSION = YES_AGGRESSIVE;
				CLANG_CXX_LANGUAGE_STANDARD = "gnu++20";
				CLANG_ENABLE_MODULES = YES;
				CLANG_ENABLE_OBJC_ARC = YES;
				CLANG_ENABLE_OBJC_WEAK = YES;
				CLANG_WARN_BLOCK_CAPTURE_AUTORELEASING = YES;
				CLANG_WARN_BOOL_CONVERSION = YES;
				CLANG_WARN_COMMA = YES;
				CLANG_WARN_CONSTANT_CONVERSION = YES;
				CLANG_WARN_DEPRECATED_OBJC_IMPLEMENTATIONS = YES;
				CLANG_WARN_DIRECT_OBJC_ISA_USAGE = YES_ERROR;
				CLANG_WARN_DOCUMENTATION_COMMENTS = YES;
				CLANG_WARN_EMPTY_BODY = YES;
				CLANG_WARN_ENUM_CONVERSION = YES;
				CLANG_WARN_INFINITE_RECURSION = YES;
				CLANG_WARN_INT_CONVERSION = YES;
				CLANG_WARN_NON_LITERAL_NULL_CONVERSION = YES;
				CLANG_WARN_OBJC_IMPLICIT_RETAIN_SELF = YES;
				CLANG_WARN_OBJC_LITERAL_CONVERSION = YES;
				CLANG_WARN_OBJC_ROOT_CLASS = YES_ERROR;
				CLANG_WARN_QUOTED_INCLUDE_IN_FRAMEWORK_HEADER = YES;
				CLANG_WARN_RANGE_LOOP_ANALYSIS = YES;
				CLANG_WARN_STRICT_PROTOTYPES = YES;
				CLANG_WARN_SUSPICIOUS_MOVE = YES;
				CLANG_WARN_UNGUARDED_AVAILABILITY = YES_AGGRESSIVE;
				CLANG_WARN_UNREACHABLE_CODE = YES;
				CLANG_WARN__DUPLICATE_METHOD_MATCH = YES;
				COPY_PHASE_STRIP = NO;
				DEBUG_INFORMATION_FORMAT = "dwarf-with-dsym";
				ENABLE_NS_ASSERTIONS = NO;
				ENABLE_STRICT_OBJC_MSGSEND = YES;
				ENABLE_USER_SCRIPT_SANDBOXING = YES;
				GCC_C_LANGUAGE_STANDARD = gnu17;
				GCC_NO_COMMON_BLOCKS = YES;
				GCC_WARN_64_TO_32_BIT_CONVERSION = YES;
				GCC_WARN_ABOUT_RETURN_TYPE = YES_ERROR;
				GCC_WARN_UNDECLARED_SELECTOR = YES;
				GCC_WARN_UNINITIALIZED_AUTOS = YES_AGGRESSIVE;
				GCC_WARN_UNUSED_FUNCTION = YES;
				GCC_WARN_UNUSED_VARIABLE = YES;
				IPHONEOS_DEPLOYMENT_TARGET = 18.1;
				LOCALIZATION_PREFERS_STRING_CATALOGS = YES;
				MTL_ENABLE_DEBUG_INFO = NO;
				MTL_FAST_MATH = YES;
				SDKROOT = iphoneos;
				SWIFT_COMPILATION_MODE = wholemodule;
				VALIDATE_PRODUCT = YES;
			};
			name = Release;
		};
		22AA79E62ED80F7400EC3F14 /* Debug */ = {
			isa = XCBuildConfiguration;
			buildSettings = {
				ASSETCATALOG_COMPILER_APPICON_NAME = AppIcon;
				ASSETCATALOG_COMPILER_GLOBAL_ACCENT_COLOR_NAME = AccentColor;
				CODE_SIGN_STYLE = Automatic;
				CURRENT_PROJECT_VERSION = 1;
				DEVELOPMENT_ASSET_PATHS = "\"StepTracker/Preview Content\"";
				DEVELOPMENT_TEAM = 8T66PM3UR2;
				ENABLE_PREVIEWS = YES;
				GENERATE_INFOPLIST_FILE = YES;
				INFOPLIST_KEY_UIApplicationSceneManifest_Generation = YES;
				INFOPLIST_KEY_UIApplicationSupportsIndirectInputEvents = YES;
				INFOPLIST_KEY_UILaunchScreen_Generation = YES;
				INFOPLIST_KEY_UISupportedInterfaceOrientations_iPad = "UIInterfaceOrientationPortrait UIInterfaceOrientationPortraitUpsideDown UIInterfaceOrientationLandscapeLeft UIInterfaceOrientationLandscapeRight";
				INFOPLIST_KEY_UISupportedInterfaceOrientations_iPhone = "UIInterfaceOrientationPortrait UIInterfaceOrientationLandscapeLeft UIInterfaceOrientationLandscapeRight";
				LD_RUNPATH_SEARCH_PATHS = (
					"$(inherited)",
					"@executable_path/Frameworks",
				);
				MARKETING_VERSION = 1.0;
				PRODUCT_BUNDLE_IDENTIFIER = com.jimsweeney.StepTracker;
				PRODUCT_NAME = "$(TARGET_NAME)";
				SWIFT_EMIT_LOC_STRINGS = YES;
				SWIFT_VERSION = 5.0;
				TARGETED_DEVICE_FAMILY = "1,2";
			};
			name = Debug;
		};
		22AA79E72ED80F7400EC3F14 /* Release */ = {
			isa = XCBuildConfiguration;
			buildSettings = {
				ASSETCATALOG_COMPILER_APPICON_NAME = AppIcon;
				ASSETCATALOG_COMPILER_GLOBAL_ACCENT_COLOR_NAME = AccentColor;
				CODE_SIGN_STYLE = Automatic;
				CURRENT_PROJECT_VERSION = 1;
				DEVELOPMENT_ASSET_PATHS = "\"StepTracker/Preview Content\"";
				DEVELOPMENT_TEAM = 8T66PM3UR2;
				ENABLE_PREVIEWS = YES;
				GENERATE_INFOPLIST_FILE = YES;
				INFOPLIST_KEY_UIApplicationSceneManifest_Generation = YES;
				INFOPLIST_KEY_UIApplicationSupportsIndirectInputEvents = YES;
				INFOPLIST_KEY_UILaunchScreen_Generation = YES;
				INFOPLIST_KEY_UISupportedInterfaceOrientations_iPad = "UIInterfaceOrientationPortrait UIInterfaceOrientationPortraitUpsideDown UIInterfaceOrientationLandscapeLeft UIInterfaceOrientationLandscapeRight";
				INFOPLIST_KEY_UISupportedInterfaceOrientations_iPhone = "UIInterfaceOrientationPortrait UIInterfaceOrientationLandscapeLeft UIInterfaceOrientationLandscapeRight";
				LD_RUNPATH_SEARCH_PATHS = (
					"$(inherited)",
					"@executable_path/Frameworks",
				);
				MARKETING_VERSION = 1.0;
				PRODUCT_BUNDLE_IDENTIFIER = com.jimsweeney.StepTracker;
				PRODUCT_NAME = "$(TARGET_NAME)";
				SWIFT_EMIT_LOC_STRINGS = YES;
				SWIFT_VERSION = 5.0;
				TARGETED_DEVICE_FAMILY = "1,2";
			};
			name = Release;
		};
		22AA79E92ED80F7400EC3F14 /* Debug */ = {
			isa = XCBuildConfiguration;
			buildSettings = {
				BUNDLE_LOADER = "$(TEST_HOST)";
				CODE_SIGN_STYLE = Automatic;
				CURRENT_PROJECT_VERSION = 1;
				DEVELOPMENT_TEAM = 8T66PM3UR2;
				GENERATE_INFOPLIST_FILE = YES;
				IPHONEOS_DEPLOYMENT_TARGET = 18.1;
				MARKETING_VERSION = 1.0;
				PRODUCT_BUNDLE_IDENTIFIER = com.jimsweeney.StepTrackerTests;
				PRODUCT_NAME = "$(TARGET_NAME)";
				SWIFT_EMIT_LOC_STRINGS = NO;
				SWIFT_VERSION = 5.0;
				TARGETED_DEVICE_FAMILY = "1,2";
				TEST_HOST = "$(BUILT_PRODUCTS_DIR)/StepTracker.app/$(BUNDLE_EXECUTABLE_FOLDER_PATH)/StepTracker";
			};
			name = Debug;
		};
		22AA79EA2ED80F7400EC3F14 /* Release */ = {
			isa = XCBuildConfiguration;
			buildSettings = {
				BUNDLE_LOADER = "$(TEST_HOST)";
				CODE_SIGN_STYLE = Automatic;
				CURRENT_PROJECT_VERSION = 1;
				DEVELOPMENT_TEAM = 8T66PM3UR2;
				GENERATE_INFOPLIST_FILE = YES;
				IPHONEOS_DEPLOYMENT_TARGET = 18.1;
				MARKETING_VERSION = 1.0;
				PRODUCT_BUNDLE_IDENTIFIER = com.jimsweeney.StepTrackerTests;
				PRODUCT_NAME = "$(TARGET_NAME)";
				SWIFT_EMIT_LOC_STRINGS = NO;
				SWIFT_VERSION = 5.0;
				TARGETED_DEVICE_FAMILY = "1,2";
				TEST_HOST = "$(BUILT_PRODUCTS_DIR)/StepTracker.app/$(BUNDLE_EXECUTABLE_FOLDER_PATH)/StepTracker";
			};
			name = Release;
		};
		22AA79EC2ED80F7400EC3F14 /* Debug */ = {
			isa = XCBuildConfiguration;
			buildSettings = {
				CODE_SIGN_STYLE = Automatic;
				CURRENT_PROJECT_VERSION = 1;
				DEVELOPMENT_TEAM = 8T66PM3UR2;
				GENERATE_INFOPLIST_FILE = YES;
				MARKETING_VERSION = 1.0;
				PRODUCT_BUNDLE_IDENTIFIER = com.jimsweeney.StepTrackerUITests;
				PRODUCT_NAME = "$(TARGET_NAME)";
				SWIFT_EMIT_LOC_STRINGS = NO;
				SWIFT_VERSION = 5.0;
				TARGETED_DEVICE_FAMILY = "1,2";
				TEST_TARGET_NAME = StepTracker;
			};
			name = Debug;
		};
		22AA79ED2ED80F7400EC3F14 /* Release */ = {
			isa = XCBuildConfiguration;
			buildSettings = {
				CODE_SIGN_STYLE = Automatic;
				CURRENT_PROJECT_VERSION = 1;
				DEVELOPMENT_TEAM = 8T66PM3UR2;
				GENERATE_INFOPLIST_FILE = YES;
				MARKETING_VERSION = 1.0;
				PRODUCT_BUNDLE_IDENTIFIER = com.jimsweeney.StepTrackerUITests;
				PRODUCT_NAME = "$(TARGET_NAME)";
				SWIFT_EMIT_LOC_STRINGS = NO;
				SWIFT_VERSION = 5.0;
				TARGETED_DEVICE_FAMILY = "1,2";
				TEST_TARGET_NAME = StepTracker;
			};
			name = Release;
		};
/* End XCBuildConfiguration section */

/* Begin XCConfigurationList section */
		22AA79B72ED80F7300EC3F14 /* Build configuration list for PBXProject "StepTracker" */ = {
			isa = XCConfigurationList;
			buildConfigurations = (
				22AA79E32ED80F7400EC3F14 /* Debug */,
				22AA79E42ED80F7400EC3F14 /* Release */,
			);
			defaultConfigurationIsVisible = 0;
			defaultConfigurationName = Release;
		};
		22AA79E52ED80F7400EC3F14 /* Build configuration list for PBXNativeTarget "StepTracker" */ = {
			isa = XCConfigurationList;
			buildConfigurations = (
				22AA79E62ED80F7400EC3F14 /* Debug */,
				22AA79E72ED80F7400EC3F14 /* Release */,
			);
			defaultConfigurationIsVisible = 0;
			defaultConfigurationName = Release;
		};
		22AA79E82ED80F7400EC3F14 /* Build configuration list for PBXNativeTarget "StepTrackerTests" */ = {
			isa = XCConfigurationList;
			buildConfigurations = (
				22AA79E92ED80F7400EC3F14 /* Debug */,
				22AA79EA2ED80F7400EC3F14 /* Release */,
			);
			defaultConfigurationIsVisible = 0;
			defaultConfigurationName = Release;
		};
		22AA79EB2ED80F7400EC3F14 /* Build configuration list for PBXNativeTarget "StepTrackerUITests" */ = {
			isa = XCConfigurationList;
			buildConfigurations = (
				22AA79EC2ED80F7400EC3F14 /* Debug */,
				22AA79ED2ED80F7400EC3F14 /* Release */,
			);
			defaultConfigurationIsVisible = 0;
			defaultConfigurationName = Release;
		};
/* End XCConfigurationList section */
	};
	rootObject = 22AA79B42ED80F7300EC3F14 /* Project object */;
}
